// !$*UTF8*$!
{
	archiveVersion = 1;
	classes = {
	};
	objectVersion = 50;
	objects = {

/* Begin PBXBuildFile section */
		04FA9610254C711C00B61217 /* AppDelegate.swift in Sources */ = {isa = PBXBuildFile; fileRef = 04FA960F254C711C00B61217 /* AppDelegate.swift */; };
		04FA9612254C711C00B61217 /* SceneDelegate.swift in Sources */ = {isa = PBXBuildFile; fileRef = 04FA9611254C711C00B61217 /* SceneDelegate.swift */; };
		04FA9614254C711C00B61217 /* ViewController.swift in Sources */ = {isa = PBXBuildFile; fileRef = 04FA9613254C711C00B61217 /* ViewController.swift */; };
		04FA9617254C711C00B61217 /* Main.storyboard in Resources */ = {isa = PBXBuildFile; fileRef = 04FA9615254C711C00B61217 /* Main.storyboard */; };
		04FA9619254C711D00B61217 /* Assets.xcassets in Resources */ = {isa = PBXBuildFile; fileRef = 04FA9618254C711D00B61217 /* Assets.xcassets */; };
		04FA961C254C711D00B61217 /* LaunchScreen.storyboard in Resources */ = {isa = PBXBuildFile; fileRef = 04FA961A254C711D00B61217 /* LaunchScreen.storyboard */; };
		04FA9625254C71B200B61217 /* TableViewController.swift in Sources */ = {isa = PBXBuildFile; fileRef = 04FA9624254C71B200B61217 /* TableViewController.swift */; };
		04FA9628254C71D100B61217 /* TableViewCell.swift in Sources */ = {isa = PBXBuildFile; fileRef = 04FA9627254C71D100B61217 /* TableViewCell.swift */; };
		04FA962D254C736B00B61217 /* Movie.swift in Sources */ = {isa = PBXBuildFile; fileRef = 04FA962C254C736B00B61217 /* Movie.swift */; };
		04FA9633254C749700B61217 /* MovieAPI.swift in Sources */ = {isa = PBXBuildFile; fileRef = 04FA9632254C749700B61217 /* MovieAPI.swift */; };
/* End PBXBuildFile section */

/* Begin PBXFileReference section */
		04FA960C254C711C00B61217 /* Escaping Example.app */ = {isa = PBXFileReference; explicitFileType = wrapper.application; includeInIndex = 0; path = "Escaping Example.app"; sourceTree = BUILT_PRODUCTS_DIR; };
		04FA960F254C711C00B61217 /* AppDelegate.swift */ = {isa = PBXFileReference; lastKnownFileType = sourcecode.swift; path = AppDelegate.swift; sourceTree = "<group>"; };
		04FA9611254C711C00B61217 /* SceneDelegate.swift */ = {isa = PBXFileReference; lastKnownFileType = sourcecode.swift; path = SceneDelegate.swift; sourceTree = "<group>"; };
		04FA9613254C711C00B61217 /* ViewController.swift */ = {isa = PBXFileReference; lastKnownFileType = sourcecode.swift; path = ViewController.swift; sourceTree = "<group>"; };
		04FA9616254C711C00B61217 /* Base */ = {isa = PBXFileReference; lastKnownFileType = file.storyboard; name = Base; path = Base.lproj/Main.storyboard; sourceTree = "<group>"; };
		04FA9618254C711D00B61217 /* Assets.xcassets */ = {isa = PBXFileReference; lastKnownFileType = folder.assetcatalog; path = Assets.xcassets; sourceTree = "<group>"; };
		04FA961B254C711D00B61217 /* Base */ = {isa = PBXFileReference; lastKnownFileType = file.storyboard; name = Base; path = Base.lproj/LaunchScreen.storyboard; sourceTree = "<group>"; };
		04FA961D254C711D00B61217 /* Info.plist */ = {isa = PBXFileReference; lastKnownFileType = text.plist.xml; path = Info.plist; sourceTree = "<group>"; };
		04FA9624254C71B200B61217 /* TableViewController.swift */ = {isa = PBXFileReference; lastKnownFileType = sourcecode.swift; path = TableViewController.swift; sourceTree = "<group>"; };
		04FA9627254C71D100B61217 /* TableViewCell.swift */ = {isa = PBXFileReference; lastKnownFileType = sourcecode.swift; path = TableViewCell.swift; sourceTree = "<group>"; };
		04FA962C254C736B00B61217 /* Movie.swift */ = {isa = PBXFileReference; lastKnownFileType = sourcecode.swift; path = Movie.swift; sourceTree = "<group>"; };
		04FA9632254C749700B61217 /* MovieAPI.swift */ = {isa = PBXFileReference; lastKnownFileType = sourcecode.swift; path = MovieAPI.swift; sourceTree = "<group>"; };
/* End PBXFileReference section */

/* Begin PBXFrameworksBuildPhase section */
		04FA9609254C711C00B61217 /* Frameworks */ = {
			isa = PBXFrameworksBuildPhase;
			buildActionMask = 2147483647;
			files = (
			);
			runOnlyForDeploymentPostprocessing = 0;
		};
/* End PBXFrameworksBuildPhase section */

/* Begin PBXGroup section */
		04FA9603254C711C00B61217 = {
			isa = PBXGroup;
			children = (
				04FA960E254C711C00B61217 /* Escaping Example */,
				04FA960D254C711C00B61217 /* Products */,
			);
			sourceTree = "<group>";
		};
		04FA960D254C711C00B61217 /* Products */ = {
			isa = PBXGroup;
			children = (
				04FA960C254C711C00B61217 /* Escaping Example.app */,
			);
			name = Products;
			sourceTree = "<group>";
		};
		04FA960E254C711C00B61217 /* Escaping Example */ = {
			isa = PBXGroup;
			children = (
				04FA9631254C748300B61217 /* API */,
				04FA962B254C734B00B61217 /* Model */,
				04FA962A254C732500B61217 /* ViewController */,
				04FA9627254C71D100B61217 /* TableViewCell.swift */,
				04FA960F254C711C00B61217 /* AppDelegate.swift */,
				04FA9611254C711C00B61217 /* SceneDelegate.swift */,
				04FA9615254C711C00B61217 /* Main.storyboard */,
				04FA9618254C711D00B61217 /* Assets.xcassets */,
				04FA961A254C711D00B61217 /* LaunchScreen.storyboard */,
				04FA961D254C711D00B61217 /* Info.plist */,
			);
			path = "Escaping Example";
			sourceTree = "<group>";
		};
		04FA962A254C732500B61217 /* ViewController */ = {
			isa = PBXGroup;
			children = (
				04FA9613254C711C00B61217 /* ViewController.swift */,
				04FA9624254C71B200B61217 /* TableViewController.swift */,
			);
			path = ViewController;
			sourceTree = "<group>";
		};
		04FA962B254C734B00B61217 /* Model */ = {
			isa = PBXGroup;
			children = (
				04FA962C254C736B00B61217 /* Movie.swift */,
			);
			path = Model;
			sourceTree = "<group>";
		};
		04FA9631254C748300B61217 /* API */ = {
			isa = PBXGroup;
			children = (
				04FA9632254C749700B61217 /* MovieAPI.swift */,
			);
			path = API;
			sourceTree = "<group>";
		};
/* End PBXGroup section */

/* Begin PBXNativeTarget section */
		04FA960B254C711C00B61217 /* Escaping Example */ = {
			isa = PBXNativeTarget;
			buildConfigurationList = 04FA9620254C711D00B61217 /* Build configuration list for PBXNativeTarget "Escaping Example" */;
			buildPhases = (
				04FA9608254C711C00B61217 /* Sources */,
				04FA9609254C711C00B61217 /* Frameworks */,
				04FA960A254C711C00B61217 /* Resources */,
			);
			buildRules = (
			);
			dependencies = (
			);
			name = "Escaping Example";
			productName = "Escaping Example";
			productReference = 04FA960C254C711C00B61217 /* Escaping Example.app */;
			productType = "com.apple.product-type.application";
		};
/* End PBXNativeTarget section */

/* Begin PBXProject section */
		04FA9604254C711C00B61217 /* Project object */ = {
			isa = PBXProject;
			attributes = {
				LastSwiftUpdateCheck = 1210;
				LastUpgradeCheck = 1210;
				TargetAttributes = {
					04FA960B254C711C00B61217 = {
						CreatedOnToolsVersion = 12.1;
					};
				};
			};
			buildConfigurationList = 04FA9607254C711C00B61217 /* Build configuration list for PBXProject "Escaping Example" */;
			compatibilityVersion = "Xcode 9.3";
			developmentRegion = en;
			hasScannedForEncodings = 0;
			knownRegions = (
				en,
				Base,
			);
			mainGroup = 04FA9603254C711C00B61217;
			productRefGroup = 04FA960D254C711C00B61217 /* Products */;
			projectDirPath = "";
			projectRoot = "";
			targets = (
				04FA960B254C711C00B61217 /* Escaping Example */,
			);
		};
/* End PBXProject section */

/* Begin PBXResourcesBuildPhase section */
		04FA960A254C711C00B61217 /* Resources */ = {
			isa = PBXResourcesBuildPhase;
			buildActionMask = 2147483647;
			files = (
				04FA961C254C711D00B61217 /* LaunchScreen.storyboard in Resources */,
				04FA9619254C711D00B61217 /* Assets.xcassets in Resources */,
				04FA9617254C711C00B61217 /* Main.storyboard in Resources */,
			);
			runOnlyForDeploymentPostprocessing = 0;
		};
/* End PBXResourcesBuildPhase section */

/* Begin PBXSourcesBuildPhase section */
		04FA9608254C711C00B61217 /* Sources */ = {
			isa = PBXSourcesBuildPhase;
			buildActionMask = 2147483647;
			files = (
				04FA962D254C736B00B61217 /* Movie.swift in Sources */,
				04FA9633254C749700B61217 /* MovieAPI.swift in Sources */,
				04FA9628254C71D100B61217 /* TableViewCell.swift in Sources */,
				04FA9614254C711C00B61217 /* ViewController.swift in Sources */,
				04FA9610254C711C00B61217 /* AppDelegate.swift in Sources */,
				04FA9612254C711C00B61217 /* SceneDelegate.swift in Sources */,
				04FA9625254C71B200B61217 /* TableViewController.swift in Sources */,
			);
			runOnlyForDeploymentPostprocessing = 0;
		};
/* End PBXSourcesBuildPhase section */

/* Begin PBXVariantGroup section */
		04FA9615254C711C00B61217 /* Main.storyboard */ = {
			isa = PBXVariantGroup;
			children = (
				04FA9616254C711C00B61217 /* Base */,
			);
			name = Main.storyboard;
			sourceTree = "<group>";
		};
		04FA961A254C711D00B61217 /* LaunchScreen.storyboard */ = {
			isa = PBXVariantGroup;
			children = (
				04FA961B254C711D00B61217 /* Base */,
			);
			name = LaunchScreen.storyboard;
			sourceTree = "<group>";
		};
/* End PBXVariantGroup section */

/* Begin XCBuildConfiguration section */
		04FA961E254C711D00B61217 /* Debug */ = {
			isa = XCBuildConfiguration;
			buildSettings = {
				ALWAYS_SEARCH_USER_PATHS = NO;
				CLANG_ANALYZER_NONNULL = YES;
				CLANG_ANALYZER_NUMBER_OBJECT_CONVERSION = YES_AGGRESSIVE;
				CLANG_CXX_LANGUAGE_STANDARD = "gnu++14";
				CLANG_CXX_LIBRARY = "libc++";
				CLANG_ENABLE_MODULES = YES;
				CLANG_ENABLE_OBJC_ARC = YES;
				CLANG_ENABLE_OBJC_WEAK = YES;
				CLANG_WARN_BLOCK_CAPTURE_AUTORELEASING = YES;
				CLANG_WARN_BOOL_CONVERSION = YES;
				CLANG_WARN_COMMA = YES;
				CLANG_WARN_CONSTANT_CONVERSION = YES;
				CLANG_WARN_DEPRECATED_OBJC_IMPLEMENTATIONS = YES;
				CLANG_WARN_DIRECT_OBJC_ISA_USAGE = YES_ERROR;
				CLANG_WARN_DOCUMENTATION_COMMENTS = YES;
				CLANG_WARN_EMPTY_BODY = YES;
				CLANG_WARN_ENUM_CONVERSION = YES;
				CLANG_WARN_INFINITE_RECURSION = YES;
				CLANG_WARN_INT_CONVERSION = YES;
				CLANG_WARN_NON_LITERAL_NULL_CONVERSION = YES;
				CLANG_WARN_OBJC_IMPLICIT_RETAIN_SELF = YES;
				CLANG_WARN_OBJC_LITERAL_CONVERSION = YES;
				CLANG_WARN_OBJC_ROOT_CLASS = YES_ERROR;
				CLANG_WARN_QUOTED_INCLUDE_IN_FRAMEWORK_HEADER = YES;
				CLANG_WARN_RANGE_LOOP_ANALYSIS = YES;
				CLANG_WARN_STRICT_PROTOTYPES = YES;
				CLANG_WARN_SUSPICIOUS_MOVE = YES;
				CLANG_WARN_UNGUARDED_AVAILABILITY = YES_AGGRESSIVE;
				CLANG_WARN_UNREACHABLE_CODE = YES;
				CLANG_WARN__DUPLICATE_METHOD_MATCH = YES;
				COPY_PHASE_STRIP = NO;
				DEBUG_INFORMATION_FORMAT = dwarf;
				ENABLE_STRICT_OBJC_MSGSEND = YES;
				ENABLE_TESTABILITY = YES;
				GCC_C_LANGUAGE_STANDARD = gnu11;
				GCC_DYNAMIC_NO_PIC = NO;
				GCC_NO_COMMON_BLOCKS = YES;
				GCC_OPTIMIZATION_LEVEL = 0;
				GCC_PREPROCESSOR_DEFINITIONS = (
					"DEBUG=1",
					"$(inherited)",
				);
				GCC_WARN_64_TO_32_BIT_CONVERSION = YES;
				GCC_WARN_ABOUT_RETURN_TYPE = YES_ERROR;
				GCC_WARN_UNDECLARED_SELECTOR = YES;
				GCC_WARN_UNINITIALIZED_AUTOS = YES_AGGRESSIVE;
				GCC_WARN_UNUSED_FUNCTION = YES;
				GCC_WARN_UNUSED_VARIABLE = YES;
				IPHONEOS_DEPLOYMENT_TARGET = 14.1;
				MTL_ENABLE_DEBUG_INFO = INCLUDE_SOURCE;
				MTL_FAST_MATH = YES;
				ONLY_ACTIVE_ARCH = YES;
				SDKROOT = iphoneos;
				SWIFT_ACTIVE_COMPILATION_CONDITIONS = DEBUG;
				SWIFT_OPTIMIZATION_LEVEL = "-Onone";
			};
			name = Debug;
		};
		04FA961F254C711D00B61217 /* Release */ = {
			isa = XCBuildConfiguration;
			buildSettings = {
				ALWAYS_SEARCH_USER_PATHS = NO;
				CLANG_ANALYZER_NONNULL = YES;
				CLANG_ANALYZER_NUMBER_OBJECT_CONVERSION = YES_AGGRESSIVE;
				CLANG_CXX_LANGUAGE_STANDARD = "gnu++14";
				CLANG_CXX_LIBRARY = "libc++";
				CLANG_ENABLE_MODULES = YES;
				CLANG_ENABLE_OBJC_ARC = YES;
				CLANG_ENABLE_OBJC_WEAK = YES;
				CLANG_WARN_BLOCK_CAPTURE_AUTORELEASING = YES;
				CLANG_WARN_BOOL_CONVERSION = YES;
				CLANG_WARN_COMMA = YES;
				CLANG_WARN_CONSTANT_CONVERSION = YES;
				CLANG_WARN_DEPRECATED_OBJC_IMPLEMENTATIONS = YES;
				CLANG_WARN_DIRECT_OBJC_ISA_USAGE = YES_ERROR;
				CLANG_WARN_DOCUMENTATION_COMMENTS = YES;
				CLANG_WARN_EMPTY_BODY = YES;
				CLANG_WARN_ENUM_CONVERSION = YES;
				CLANG_WARN_INFINITE_RECURSION = YES;
				CLANG_WARN_INT_CONVERSION = YES;
				CLANG_WARN_NON_LITERAL_NULL_CONVERSION = YES;
				CLANG_WARN_OBJC_IMPLICIT_RETAIN_SELF = YES;
				CLANG_WARN_OBJC_LITERAL_CONVERSION = YES;
				CLANG_WARN_OBJC_ROOT_CLASS = YES_ERROR;
				CLANG_WARN_QUOTED_INCLUDE_IN_FRAMEWORK_HEADER = YES;
				CLANG_WARN_RANGE_LOOP_ANALYSIS = YES;
				CLANG_WARN_STRICT_PROTOTYPES = YES;
				CLANG_WARN_SUSPICIOUS_MOVE = YES;
				CLANG_WARN_UNGUARDED_AVAILABILITY = YES_AGGRESSIVE;
				CLANG_WARN_UNREACHABLE_CODE = YES;
				CLANG_WARN__DUPLICATE_METHOD_MATCH = YES;
				COPY_PHASE_STRIP = NO;
				DEBUG_INFORMATION_FORMAT = "dwarf-with-dsym";
				ENABLE_NS_ASSERTIONS = NO;
				ENABLE_STRICT_OBJC_MSGSEND = YES;
				GCC_C_LANGUAGE_STANDARD = gnu11;
				GCC_NO_COMMON_BLOCKS = YES;
				GCC_WARN_64_TO_32_BIT_CONVERSION = YES;
				GCC_WARN_ABOUT_RETURN_TYPE = YES_ERROR;
				GCC_WARN_UNDECLARED_SELECTOR = YES;
				GCC_WARN_UNINITIALIZED_AUTOS = YES_AGGRESSIVE;
				GCC_WARN_UNUSED_FUNCTION = YES;
				GCC_WARN_UNUSED_VARIABLE = YES;
				IPHONEOS_DEPLOYMENT_TARGET = 14.1;
				MTL_ENABLE_DEBUG_INFO = NO;
				MTL_FAST_MATH = YES;
				SDKROOT = iphoneos;
				SWIFT_COMPILATION_MODE = wholemodule;
				SWIFT_OPTIMIZATION_LEVEL = "-O";
				VALIDATE_PRODUCT = YES;
			};
			name = Release;
		};
		04FA9621254C711D00B61217 /* Debug */ = {
			isa = XCBuildConfiguration;
			buildSettings = {
				ASSETCATALOG_COMPILER_APPICON_NAME = AppIcon;
				ASSETCATALOG_COMPILER_GLOBAL_ACCENT_COLOR_NAME = AccentColor;
				CODE_SIGN_STYLE = Automatic;
				DEVELOPMENT_TEAM = 2F54VR68GM;
				INFOPLIST_FILE = "Escaping Example/Info.plist";
				LD_RUNPATH_SEARCH_PATHS = (
					"$(inherited)",
					"@executable_path/Frameworks",
				);
				PRODUCT_BUNDLE_IDENTIFIER = "com.fomagran.Escaping-Example";
				PRODUCT_NAME = "$(TARGET_NAME)";
				SWIFT_VERSION = 5.0;
				TARGETED_DEVICE_FAMILY = "1,2";
			};
			name = Debug;
		};
		04FA9622254C711D00B61217 /* Release */ = {
			isa = XCBuildConfiguration;
			buildSettings = {
				ASSETCATALOG_COMPILER_APPICON_NAME = AppIcon;
				ASSETCATALOG_COMPILER_GLOBAL_ACCENT_COLOR_NAME = AccentColor;
				CODE_SIGN_STYLE = Automatic;
				DEVELOPMENT_TEAM = 2F54VR68GM;
				INFOPLIST_FILE = "Escaping Example/Info.plist";
				LD_RUNPATH_SEARCH_PATHS = (
					"$(inherited)",
					"@executable_path/Frameworks",
				);
				PRODUCT_BUNDLE_IDENTIFIER = "com.fomagran.Escaping-Example";
				PRODUCT_NAME = "$(TARGET_NAME)";
				SWIFT_VERSION = 5.0;
				TARGETED_DEVICE_FAMILY = "1,2";
			};
			name = Release;
		};
/* End XCBuildConfiguration section */

/* Begin XCConfigurationList section */
		04FA9607254C711C00B61217 /* Build configuration list for PBXProject "Escaping Example" */ = {
			isa = XCConfigurationList;
			buildConfigurations = (
				04FA961E254C711D00B61217 /* Debug */,
				04FA961F254C711D00B61217 /* Release */,
			);
			defaultConfigurationIsVisible = 0;
			defaultConfigurationName = Release;
		};
		04FA9620254C711D00B61217 /* Build configuration list for PBXNativeTarget "Escaping Example" */ = {
			isa = XCConfigurationList;
			buildConfigurations = (
				04FA9621254C711D00B61217 /* Debug */,
				04FA9622254C711D00B61217 /* Release */,
			);
			defaultConfigurationIsVisible = 0;
			defaultConfigurationName = Release;
		};
/* End XCConfigurationList section */
	};
	rootObject = 04FA9604254C711C00B61217 /* Project object */;
}
